// !$*UTF8*$!
{
	archiveVersion = 1;
	classes = {
	};
	objectVersion = 50;
	objects = {

/* Begin PBXBuildFile section */
		18DDD17821916C3D007E4ACC /* Run.swift in Sources */ = {isa = PBXBuildFile; fileRef = 18DDD17721916C3D007E4ACC /* Run.swift */; };
		18DDD17A21919384007E4ACC /* constants.swift in Sources */ = {isa = PBXBuildFile; fileRef = 18DDD17921919384007E4ACC /* constants.swift */; };
		18DDD17C21919966007E4ACC /* RunLogCell.swift in Sources */ = {isa = PBXBuildFile; fileRef = 18DDD17B21919966007E4ACC /* RunLogCell.swift */; };
		18EF26CB21900F91009D05C7 /* LocationVC.swift in Sources */ = {isa = PBXBuildFile; fileRef = 18EF26CA21900F91009D05C7 /* LocationVC.swift */; };
		18EF26CD21901F67009D05C7 /* currentRunVC.swift in Sources */ = {isa = PBXBuildFile; fileRef = 18EF26CC21901F67009D05C7 /* currentRunVC.swift */; };
		18EF26CF219054B0009D05C7 /* extensions.swift in Sources */ = {isa = PBXBuildFile; fileRef = 18EF26CE219054B0009D05C7 /* extensions.swift */; };
		18F43E07218C49F800A17333 /* AppDelegate.swift in Sources */ = {isa = PBXBuildFile; fileRef = 18F43E06218C49F800A17333 /* AppDelegate.swift */; };
		18F43E09218C49F800A17333 /* BeginVC.swift in Sources */ = {isa = PBXBuildFile; fileRef = 18F43E08218C49F800A17333 /* BeginVC.swift */; };
		18F43E0B218C49F800A17333 /* RunLogVC.swift in Sources */ = {isa = PBXBuildFile; fileRef = 18F43E0A218C49F800A17333 /* RunLogVC.swift */; };
		18F43E0E218C49F800A17333 /* Main.storyboard in Resources */ = {isa = PBXBuildFile; fileRef = 18F43E0C218C49F800A17333 /* Main.storyboard */; };
		18F43E10218C49F900A17333 /* Assets.xcassets in Resources */ = {isa = PBXBuildFile; fileRef = 18F43E0F218C49F900A17333 /* Assets.xcassets */; };
		18F43E13218C49F900A17333 /* LaunchScreen.storyboard in Resources */ = {isa = PBXBuildFile; fileRef = 18F43E11218C49F900A17333 /* LaunchScreen.storyboard */; };
		B8FDF8AB131ACA22DAD8A96D /* Pods_RunTreadApp.framework in Frameworks */ = {isa = PBXBuildFile; fileRef = CC5731DF744C07981FB93C8D /* Pods_RunTreadApp.framework */; };
/* End PBXBuildFile section */

/* Begin PBXFileReference section */
		18DDD17721916C3D007E4ACC /* Run.swift */ = {isa = PBXFileReference; lastKnownFileType = sourcecode.swift; path = Run.swift; sourceTree = "<group>"; };
		18DDD17921919384007E4ACC /* constants.swift */ = {isa = PBXFileReference; lastKnownFileType = sourcecode.swift; path = constants.swift; sourceTree = "<group>"; };
		18DDD17B21919966007E4ACC /* RunLogCell.swift */ = {isa = PBXFileReference; lastKnownFileType = sourcecode.swift; path = RunLogCell.swift; sourceTree = "<group>"; };
		18EF26CA21900F91009D05C7 /* LocationVC.swift */ = {isa = PBXFileReference; lastKnownFileType = sourcecode.swift; path = LocationVC.swift; sourceTree = "<group>"; };
		18EF26CC21901F67009D05C7 /* currentRunVC.swift */ = {isa = PBXFileReference; lastKnownFileType = sourcecode.swift; path = currentRunVC.swift; sourceTree = "<group>"; };
		18EF26CE219054B0009D05C7 /* extensions.swift */ = {isa = PBXFileReference; lastKnownFileType = sourcecode.swift; path = extensions.swift; sourceTree = "<group>"; };
		18F43E03218C49F800A17333 /* RunTreadApp.app */ = {isa = PBXFileReference; explicitFileType = wrapper.application; includeInIndex = 0; path = RunTreadApp.app; sourceTree = BUILT_PRODUCTS_DIR; };
		18F43E06218C49F800A17333 /* AppDelegate.swift */ = {isa = PBXFileReference; lastKnownFileType = sourcecode.swift; path = AppDelegate.swift; sourceTree = "<group>"; };
		18F43E08218C49F800A17333 /* BeginVC.swift */ = {isa = PBXFileReference; lastKnownFileType = sourcecode.swift; path = BeginVC.swift; sourceTree = "<group>"; };
		18F43E0A218C49F800A17333 /* RunLogVC.swift */ = {isa = PBXFileReference; lastKnownFileType = sourcecode.swift; path = RunLogVC.swift; sourceTree = "<group>"; };
		18F43E0D218C49F800A17333 /* Base */ = {isa = PBXFileReference; lastKnownFileType = file.storyboard; name = Base; path = Base.lproj/Main.storyboard; sourceTree = "<group>"; };
		18F43E0F218C49F900A17333 /* Assets.xcassets */ = {isa = PBXFileReference; lastKnownFileType = folder.assetcatalog; path = Assets.xcassets; sourceTree = "<group>"; };
		18F43E12218C49F900A17333 /* Base */ = {isa = PBXFileReference; lastKnownFileType = file.storyboard; name = Base; path = Base.lproj/LaunchScreen.storyboard; sourceTree = "<group>"; };
		18F43E14218C49F900A17333 /* Info.plist */ = {isa = PBXFileReference; lastKnownFileType = text.plist.xml; path = Info.plist; sourceTree = "<group>"; };
		8D53E9325AEB059C70547790 /* Pods-RunTreadApp.release.xcconfig */ = {isa = PBXFileReference; includeInIndex = 1; lastKnownFileType = text.xcconfig; name = "Pods-RunTreadApp.release.xcconfig"; path = "Pods/Target Support Files/Pods-RunTreadApp/Pods-RunTreadApp.release.xcconfig"; sourceTree = "<group>"; };
		92566929D75151DDE9BA8CE2 /* Pods-RunTreadApp.debug.xcconfig */ = {isa = PBXFileReference; includeInIndex = 1; lastKnownFileType = text.xcconfig; name = "Pods-RunTreadApp.debug.xcconfig"; path = "Pods/Target Support Files/Pods-RunTreadApp/Pods-RunTreadApp.debug.xcconfig"; sourceTree = "<group>"; };
		CC5731DF744C07981FB93C8D /* Pods_RunTreadApp.framework */ = {isa = PBXFileReference; explicitFileType = wrapper.framework; includeInIndex = 0; path = Pods_RunTreadApp.framework; sourceTree = BUILT_PRODUCTS_DIR; };
/* End PBXFileReference section */

/* Begin PBXFrameworksBuildPhase section */
		18F43E00218C49F800A17333 /* Frameworks */ = {
			isa = PBXFrameworksBuildPhase;
			buildActionMask = 2147483647;
			files = (
				B8FDF8AB131ACA22DAD8A96D /* Pods_RunTreadApp.framework in Frameworks */,
			);
			runOnlyForDeploymentPostprocessing = 0;
		};
/* End PBXFrameworksBuildPhase section */

/* Begin PBXGroup section */
		18F43DFA218C49F800A17333 = {
			isa = PBXGroup;
			children = (
				18F43E05218C49F800A17333 /* RunTreadApp */,
				18F43E04218C49F800A17333 /* Products */,
				9B8EBCA7C449B06CAF301A3B /* Pods */,
				36AD229C35A6C2444920639A /* Frameworks */,
			);
			sourceTree = "<group>";
		};
		18F43E04218C49F800A17333 /* Products */ = {
			isa = PBXGroup;
			children = (
				18F43E03218C49F800A17333 /* RunTreadApp.app */,
			);
			name = Products;
			sourceTree = "<group>";
		};
		18F43E05218C49F800A17333 /* RunTreadApp */ = {
			isa = PBXGroup;
			children = (
				18F43E1F218C529B00A17333 /* resources */,
				18F43E1E218C529000A17333 /* utilities */,
				18F43E1D218C527E00A17333 /* extensions */,
				18F43E1C218C527600A17333 /* model */,
				18F43E1B218C526C00A17333 /* views */,
				18F43E1A218C524700A17333 /* controller */,
				18F43E06218C49F800A17333 /* AppDelegate.swift */,
				18F43E0C218C49F800A17333 /* Main.storyboard */,
				18F43E0F218C49F900A17333 /* Assets.xcassets */,
				18F43E11218C49F900A17333 /* LaunchScreen.storyboard */,
				18F43E14218C49F900A17333 /* Info.plist */,
			);
			path = RunTreadApp;
			sourceTree = "<group>";
		};
		18F43E1A218C524700A17333 /* controller */ = {
			isa = PBXGroup;
			children = (
				18EF26CA21900F91009D05C7 /* LocationVC.swift */,
				18F43E0A218C49F800A17333 /* RunLogVC.swift */,
				18F43E08218C49F800A17333 /* BeginVC.swift */,
				18EF26CC21901F67009D05C7 /* currentRunVC.swift */,
			);
			path = controller;
			sourceTree = "<group>";
		};
		18F43E1B218C526C00A17333 /* views */ = {
			isa = PBXGroup;
			children = (
				18DDD17B21919966007E4ACC /* RunLogCell.swift */,
			);
			path = views;
			sourceTree = "<group>";
		};
		18F43E1C218C527600A17333 /* model */ = {
			isa = PBXGroup;
			children = (
				18DDD17721916C3D007E4ACC /* Run.swift */,
			);
			path = model;
			sourceTree = "<group>";
		};
		18F43E1D218C527E00A17333 /* extensions */ = {
			isa = PBXGroup;
			children = (
				18EF26CE219054B0009D05C7 /* extensions.swift */,
			);
			path = extensions;
			sourceTree = "<group>";
		};
		18F43E1E218C529000A17333 /* utilities */ = {
			isa = PBXGroup;
			children = (
				18DDD17921919384007E4ACC /* constants.swift */,
			);
			path = utilities;
			sourceTree = "<group>";
		};
		18F43E1F218C529B00A17333 /* resources */ = {
			isa = PBXGroup;
			children = (
			);
			path = resources;
			sourceTree = "<group>";
		};
		36AD229C35A6C2444920639A /* Frameworks */ = {
			isa = PBXGroup;
			children = (
				CC5731DF744C07981FB93C8D /* Pods_RunTreadApp.framework */,
			);
			name = Frameworks;
			sourceTree = "<group>";
		};
		9B8EBCA7C449B06CAF301A3B /* Pods */ = {
			isa = PBXGroup;
			children = (
				92566929D75151DDE9BA8CE2 /* Pods-RunTreadApp.debug.xcconfig */,
				8D53E9325AEB059C70547790 /* Pods-RunTreadApp.release.xcconfig */,
			);
			name = Pods;
			sourceTree = "<group>";
		};
/* End PBXGroup section */

/* Begin PBXNativeTarget section */
		18F43E02218C49F800A17333 /* RunTreadApp */ = {
			isa = PBXNativeTarget;
			buildConfigurationList = 18F43E17218C49F900A17333 /* Build configuration list for PBXNativeTarget "RunTreadApp" */;
			buildPhases = (
				D3A872A7A2148D88739820DC /* [CP] Check Pods Manifest.lock */,
				18F43DFF218C49F800A17333 /* Sources */,
				18F43E00218C49F800A17333 /* Frameworks */,
				18F43E01218C49F800A17333 /* Resources */,
				898220C7A7530029FA2E0C6A /* [CP] Embed Pods Frameworks */,
			);
			buildRules = (
			);
			dependencies = (
			);
			name = RunTreadApp;
			productName = RunTreadApp;
			productReference = 18F43E03218C49F800A17333 /* RunTreadApp.app */;
			productType = "com.apple.product-type.application";
		};
/* End PBXNativeTarget section */

/* Begin PBXProject section */
		18F43DFB218C49F800A17333 /* Project object */ = {
			isa = PBXProject;
			attributes = {
				LastSwiftUpdateCheck = 1000;
				LastUpgradeCheck = 1000;
				ORGANIZATIONNAME = Apple;
				TargetAttributes = {
					18F43E02218C49F800A17333 = {
						CreatedOnToolsVersion = 10.0;
					};
				};
			};
			buildConfigurationList = 18F43DFE218C49F800A17333 /* Build configuration list for PBXProject "RunTreadApp" */;
			compatibilityVersion = "Xcode 9.3";
			developmentRegion = en;
			hasScannedForEncodings = 0;
			knownRegions = (
				en,
				Base,
			);
			mainGroup = 18F43DFA218C49F800A17333;
			productRefGroup = 18F43E04218C49F800A17333 /* Products */;
			projectDirPath = "";
			projectRoot = "";
			targets = (
				18F43E02218C49F800A17333 /* RunTreadApp */,
			);
		};
/* End PBXProject section */

/* Begin PBXResourcesBuildPhase section */
		18F43E01218C49F800A17333 /* Resources */ = {
			isa = PBXResourcesBuildPhase;
			buildActionMask = 2147483647;
			files = (
				18F43E13218C49F900A17333 /* LaunchScreen.storyboard in Resources */,
				18F43E10218C49F900A17333 /* Assets.xcassets in Resources */,
				18F43E0E218C49F800A17333 /* Main.storyboard in Resources */,
			);
			runOnlyForDeploymentPostprocessing = 0;
		};
/* End PBXResourcesBuildPhase section */

/* Begin PBXShellScriptBuildPhase section */
		898220C7A7530029FA2E0C6A /* [CP] Embed Pods Frameworks */ = {
			isa = PBXShellScriptBuildPhase;
			buildActionMask = 2147483647;
			files = (
			);
			inputPaths = (
				"${SRCROOT}/Pods/Target Support Files/Pods-RunTreadApp/Pods-RunTreadApp-frameworks.sh",
				"${BUILT_PRODUCTS_DIR}/Realm/Realm.framework",
				"${BUILT_PRODUCTS_DIR}/RealmSwift/RealmSwift.framework",
			);
			name = "[CP] Embed Pods Frameworks";
			outputPaths = (
				"${TARGET_BUILD_DIR}/${FRAMEWORKS_FOLDER_PATH}/Realm.framework",
				"${TARGET_BUILD_DIR}/${FRAMEWORKS_FOLDER_PATH}/RealmSwift.framework",
			);
			runOnlyForDeploymentPostprocessing = 0;
			shellPath = /bin/sh;
			shellScript = "\"${SRCROOT}/Pods/Target Support Files/Pods-RunTreadApp/Pods-RunTreadApp-frameworks.sh\"\n";
			showEnvVarsInLog = 0;
		};
		D3A872A7A2148D88739820DC /* [CP] Check Pods Manifest.lock */ = {
			isa = PBXShellScriptBuildPhase;
			buildActionMask = 2147483647;
			files = (
			);
			inputPaths = (
				"${PODS_PODFILE_DIR_PATH}/Podfile.lock",
				"${PODS_ROOT}/Manifest.lock",
			);
			name = "[CP] Check Pods Manifest.lock";
			outputPaths = (
				"$(DERIVED_FILE_DIR)/Pods-RunTreadApp-checkManifestLockResult.txt",
			);
			runOnlyForDeploymentPostprocessing = 0;
			shellPath = /bin/sh;
			shellScript = "diff \"${PODS_PODFILE_DIR_PATH}/Podfile.lock\" \"${PODS_ROOT}/Manifest.lock\" > /dev/null\nif [ $? != 0 ] ; then\n    # print error to STDERR\n    echo \"error: The sandbox is not in sync with the Podfile.lock. Run 'pod install' or update your CocoaPods installation.\" >&2\n    exit 1\nfi\n# This output is used by Xcode 'outputs' to avoid re-running this script phase.\necho \"SUCCESS\" > \"${SCRIPT_OUTPUT_FILE_0}\"\n";
			showEnvVarsInLog = 0;
		};
/* End PBXShellScriptBuildPhase section */

/* Begin PBXSourcesBuildPhase section */
		18F43DFF218C49F800A17333 /* Sources */ = {
			isa = PBXSourcesBuildPhase;
			buildActionMask = 2147483647;
			files = (
				18EF26CD21901F67009D05C7 /* currentRunVC.swift in Sources */,
				18F43E0B218C49F800A17333 /* RunLogVC.swift in Sources */,
				18EF26CB21900F91009D05C7 /* LocationVC.swift in Sources */,
				18F43E07218C49F800A17333 /* AppDelegate.swift in Sources */,
				18F43E09218C49F800A17333 /* BeginVC.swift in Sources */,
				18DDD17821916C3D007E4ACC /* Run.swift in Sources */,
				18DDD17C21919966007E4ACC /* RunLogCell.swift in Sources */,
				18EF26CF219054B0009D05C7 /* extensions.swift in Sources */,
				18DDD17A21919384007E4ACC /* constants.swift in Sources */,
			);
			runOnlyForDeploymentPostprocessing = 0;
		};
/* End PBXSourcesBuildPhase section */

/* Begin PBXVariantGroup section */
		18F43E0C218C49F800A17333 /* Main.storyboard */ = {
			isa = PBXVariantGroup;
			children = (
				18F43E0D218C49F800A17333 /* Base */,
			);
			name = Main.storyboard;
			sourceTree = "<group>";
		};
		18F43E11218C49F900A17333 /* LaunchScreen.storyboard */ = {
			isa = PBXVariantGroup;
			children = (
				18F43E12218C49F900A17333 /* Base */,
			);
			name = LaunchScreen.storyboard;
			sourceTree = "<group>";
		};
/* End PBXVariantGroup section */

/* Begin XCBuildConfiguration section */
		18F43E15218C49F900A17333 /* Debug */ = {
			isa = XCBuildConfiguration;
			buildSettings = {
				ALWAYS_SEARCH_USER_PATHS = NO;
				CLANG_ANALYZER_NONNULL = YES;
				CLANG_ANALYZER_NUMBER_OBJECT_CONVERSION = YES_AGGRESSIVE;
				CLANG_CXX_LANGUAGE_STANDARD = "gnu++14";
				CLANG_CXX_LIBRARY = "libc++";
				CLANG_ENABLE_MODULES = YES;
				CLANG_ENABLE_OBJC_ARC = YES;
				CLANG_ENABLE_OBJC_WEAK = YES;
				CLANG_WARN_BLOCK_CAPTURE_AUTORELEASING = YES;
				CLANG_WARN_BOOL_CONVERSION = YES;
				CLANG_WARN_COMMA = YES;
				CLANG_WARN_CONSTANT_CONVERSION = YES;
				CLANG_WARN_DEPRECATED_OBJC_IMPLEMENTATIONS = YES;
				CLANG_WARN_DIRECT_OBJC_ISA_USAGE = YES_ERROR;
				CLANG_WARN_DOCUMENTATION_COMMENTS = YES;
				CLANG_WARN_EMPTY_BODY = YES;
				CLANG_WARN_ENUM_CONVERSION = YES;
				CLANG_WARN_INFINITE_RECURSION = YES;
				CLANG_WARN_INT_CONVERSION = YES;
				CLANG_WARN_NON_LITERAL_NULL_CONVERSION = YES;
				CLANG_WARN_OBJC_IMPLICIT_RETAIN_SELF = YES;
				CLANG_WARN_OBJC_LITERAL_CONVERSION = YES;
				CLANG_WARN_OBJC_ROOT_CLASS = YES_ERROR;
				CLANG_WARN_RANGE_LOOP_ANALYSIS = YES;
				CLANG_WARN_STRICT_PROTOTYPES = YES;
				CLANG_WARN_SUSPICIOUS_MOVE = YES;
				CLANG_WARN_UNGUARDED_AVAILABILITY = YES_AGGRESSIVE;
				CLANG_WARN_UNREACHABLE_CODE = YES;
				CLANG_WARN__DUPLICATE_METHOD_MATCH = YES;
				CODE_SIGN_IDENTITY = "iPhone Developer";
				COPY_PHASE_STRIP = NO;
				DEBUG_INFORMATION_FORMAT = dwarf;
				ENABLE_STRICT_OBJC_MSGSEND = YES;
				ENABLE_TESTABILITY = YES;
				GCC_C_LANGUAGE_STANDARD = gnu11;
				GCC_DYNAMIC_NO_PIC = NO;
				GCC_NO_COMMON_BLOCKS = YES;
				GCC_OPTIMIZATION_LEVEL = 0;
				GCC_PREPROCESSOR_DEFINITIONS = (
					"DEBUG=1",
					"$(inherited)",
				);
				GCC_WARN_64_TO_32_BIT_CONVERSION = YES;
				GCC_WARN_ABOUT_RETURN_TYPE = YES_ERROR;
				GCC_WARN_UNDECLARED_SELECTOR = YES;
				GCC_WARN_UNINITIALIZED_AUTOS = YES_AGGRESSIVE;
				GCC_WARN_UNUSED_FUNCTION = YES;
				GCC_WARN_UNUSED_VARIABLE = YES;
				IPHONEOS_DEPLOYMENT_TARGET = 12.0;
				MTL_ENABLE_DEBUG_INFO = INCLUDE_SOURCE;
				MTL_FAST_MATH = YES;
				ONLY_ACTIVE_ARCH = YES;
				SDKROOT = iphoneos;
				SWIFT_ACTIVE_COMPILATION_CONDITIONS = DEBUG;
				SWIFT_OPTIMIZATION_LEVEL = "-Onone";
			};
			name = Debug;
		};
		18F43E16218C49F900A17333 /* Release */ = {
			isa = XCBuildConfiguration;
			buildSettings = {
				ALWAYS_SEARCH_USER_PATHS = NO;
				CLANG_ANALYZER_NONNULL = YES;
				CLANG_ANALYZER_NUMBER_OBJECT_CONVERSION = YES_AGGRESSIVE;
				CLANG_CXX_LANGUAGE_STANDARD = "gnu++14";
				CLANG_CXX_LIBRARY = "libc++";
				CLANG_ENABLE_MODULES = YES;
				CLANG_ENABLE_OBJC_ARC = YES;
				CLANG_ENABLE_OBJC_WEAK = YES;
				CLANG_WARN_BLOCK_CAPTURE_AUTORELEASING = YES;
				CLANG_WARN_BOOL_CONVERSION = YES;
				CLANG_WARN_COMMA = YES;
				CLANG_WARN_CONSTANT_CONVERSION = YES;
				CLANG_WARN_DEPRECATED_OBJC_IMPLEMENTATIONS = YES;
				CLANG_WARN_DIRECT_OBJC_ISA_USAGE = YES_ERROR;
				CLANG_WARN_DOCUMENTATION_COMMENTS = YES;
				CLANG_WARN_EMPTY_BODY = YES;
				CLANG_WARN_ENUM_CONVERSION = YES;
				CLANG_WARN_INFINITE_RECURSION = YES;
				CLANG_WARN_INT_CONVERSION = YES;
				CLANG_WARN_NON_LITERAL_NULL_CONVERSION = YES;
				CLANG_WARN_OBJC_IMPLICIT_RETAIN_SELF = YES;
				CLANG_WARN_OBJC_LITERAL_CONVERSION = YES;
				CLANG_WARN_OBJC_ROOT_CLASS = YES_ERROR;
				CLANG_WARN_RANGE_LOOP_ANALYSIS = YES;
				CLANG_WARN_STRICT_PROTOTYPES = YES;
				CLANG_WARN_SUSPICIOUS_MOVE = YES;
				CLANG_WARN_UNGUARDED_AVAILABILITY = YES_AGGRESSIVE;
				CLANG_WARN_UNREACHABLE_CODE = YES;
				CLANG_WARN__DUPLICATE_METHOD_MATCH = YES;
				CODE_SIGN_IDENTITY = "iPhone Developer";
				COPY_PHASE_STRIP = NO;
				DEBUG_INFORMATION_FORMAT = "dwarf-with-dsym";
				ENABLE_NS_ASSERTIONS = NO;
				ENABLE_STRICT_OBJC_MSGSEND = YES;
				GCC_C_LANGUAGE_STANDARD = gnu11;
				GCC_NO_COMMON_BLOCKS = YES;
				GCC_WARN_64_TO_32_BIT_CONVERSION = YES;
				GCC_WARN_ABOUT_RETURN_TYPE = YES_ERROR;
				GCC_WARN_UNDECLARED_SELECTOR = YES;
				GCC_WARN_UNINITIALIZED_AUTOS = YES_AGGRESSIVE;
				GCC_WARN_UNUSED_FUNCTION = YES;
				GCC_WARN_UNUSED_VARIABLE = YES;
				IPHONEOS_DEPLOYMENT_TARGET = 12.0;
				MTL_ENABLE_DEBUG_INFO = NO;
				MTL_FAST_MATH = YES;
				SDKROOT = iphoneos;
				SWIFT_COMPILATION_MODE = wholemodule;
				SWIFT_OPTIMIZATION_LEVEL = "-O";
				VALIDATE_PRODUCT = YES;
			};
			name = Release;
		};
		18F43E18218C49F900A17333 /* Debug */ = {
			isa = XCBuildConfiguration;
			baseConfigurationReference = 92566929D75151DDE9BA8CE2 /* Pods-RunTreadApp.debug.xcconfig */;
			buildSettings = {
				ASSETCATALOG_COMPILER_APPICON_NAME = AppIcon;
				CODE_SIGN_IDENTITY = "iPhone Developer";
				CODE_SIGN_STYLE = Automatic;
				DEVELOPMENT_TEAM = "";
				INFOPLIST_FILE = RunTreadApp/Info.plist;
				LD_RUNPATH_SEARCH_PATHS = (
					"$(inherited)",
					"@executable_path/Frameworks",
				);
				PRODUCT_BUNDLE_IDENTIFIER = "-23.RunTreadApp";
				PRODUCT_NAME = "$(TARGET_NAME)";
				PROVISIONING_PROFILE_SPECIFIER = "";
				SWIFT_VERSION = 4.2;
				TARGETED_DEVICE_FAMILY = "1,2";
			};
			name = Debug;
		};
		18F43E19218C49F900A17333 /* Release */ = {
			isa = XCBuildConfiguration;
			baseConfigurationReference = 8D53E9325AEB059C70547790 /* Pods-RunTreadApp.release.xcconfig */;
			buildSettings = {
				ASSETCATALOG_COMPILER_APPICON_NAME = AppIcon;
				CODE_SIGN_IDENTITY = "iPhone Developer";
				CODE_SIGN_STYLE = Automatic;
				DEVELOPMENT_TEAM = "";
				INFOPLIST_FILE = RunTreadApp/Info.plist;
				LD_RUNPATH_SEARCH_PATHS = (
					"$(inherited)",
					"@executable_path/Frameworks",
				);
				PRODUCT_BUNDLE_IDENTIFIER = "-23.RunTreadApp";
				PRODUCT_NAME = "$(TARGET_NAME)";
				PROVISIONING_PROFILE_SPECIFIER = "";
				SWIFT_VERSION = 4.2;
				TARGETED_DEVICE_FAMILY = "1,2";
			};
			name = Release;
		};
/* End XCBuildConfiguration section */

/* Begin XCConfigurationList section */
		18F43DFE218C49F800A17333 /* Build configuration list for PBXProject "RunTreadApp" */ = {
			isa = XCConfigurationList;
			buildConfigurations = (
				18F43E15218C49F900A17333 /* Debug */,
				18F43E16218C49F900A17333 /* Release */,
			);
			defaultConfigurationIsVisible = 0;
			defaultConfigurationName = Release;
		};
		18F43E17218C49F900A17333 /* Build configuration list for PBXNativeTarget "RunTreadApp" */ = {
			isa = XCConfigurationList;
			buildConfigurations = (
				18F43E18218C49F900A17333 /* Debug */,
				18F43E19218C49F900A17333 /* Release */,
			);
			defaultConfigurationIsVisible = 0;
			defaultConfigurationName = Release;
		};
/* End XCConfigurationList section */
	};
	rootObject = 18F43DFB218C49F800A17333 /* Project object */;
}
